
Microsoft Visual Studio Solution File, Format Version 12.00
# Visual Studio Version 16
VisualStudioVersion = 16.0.810.17
MinimumVisualStudioVersion = 10.0.40219.1
Project("{FAE04EC0-301F-11D3-BF4B-00C04F79EFBC}") = "Aula6", "Aula6\Aula6.csproj", "{D1F61110-705D-4B98-AF6F-A489E8B34EFD}"
EndProject
Global
	GlobalSection(SolutionConfigurationPlatforms) = preSolution
		Debug|anycpu = Debug|anycpu
		Release|anycpu = Release|anycpu
	EndGlobalSection
	GlobalSection(ProjectConfigurationPlatforms) = postSolution
		{D1F61110-705D-4B98-AF6F-A489E8B34EFD}.Debug|anycpu.ActiveCfg = Debug|anycpu
		{D1F61110-705D-4B98-AF6F-A489E8B34EFD}.Debug|anycpu.Build.0 = Debug|anycpu
		{D1F61110-705D-4B98-AF6F-A489E8B34EFD}.Release|anycpu.ActiveCfg = Release|anycpu
		{D1F61110-705D-4B98-AF6F-A489E8B34EFD}.Release|anycpu.Build.0 = Release|anycpu
	EndGlobalSection
	GlobalSection(SolutionProperties) = preSolution
		HideSolutionNode = FALSE
	EndGlobalSection
	GlobalSection(ExtensibilityGlobals) = postSolution
		SolutionGuid = {76275C3D-615C-4C58-9674-47CB0A845B36}
	EndGlobalSection
EndGlobal
